
Microsoft Visual Studio Solution File, Format Version 12.00
# Visual Studio Version 17
VisualStudioVersion = 17.8.34322.80
MinimumVisualStudioVersion = 10.0.40219.1
Project("{FAE04EC0-301F-11D3-BF4B-00C04F79EFBC}") = "EjemplosPOO", "EjemplosPOO\EjemplosPOO.csproj", "{75290C49-961F-44DC-9034-658EDC45DF5B}"
EndProject
Global
	GlobalSection(SolutionConfigurationPlatforms) = preSolution
		Debug|Any CPU = Debug|Any CPU
		Release|Any CPU = Release|Any CPU
	EndGlobalSection
	GlobalSection(ProjectConfigurationPlatforms) = postSolution
		{75290C49-961F-44DC-9034-658EDC45DF5B}.Debug|Any CPU.ActiveCfg = Debug|Any CPU
		{75290C49-961F-44DC-9034-658EDC45DF5B}.Debug|Any CPU.Build.0 = Debug|Any CPU
		{75290C49-961F-44DC-9034-658EDC45DF5B}.Release|Any CPU.ActiveCfg = Release|Any CPU
		{75290C49-961F-44DC-9034-658EDC45DF5B}.Release|Any CPU.Build.0 = Release|Any CPU
	EndGlobalSection
	GlobalSection(SolutionProperties) = preSolution
		HideSolutionNode = FALSE
	EndGlobalSection
	GlobalSection(ExtensibilityGlobals) = postSolution
		SolutionGuid = {FD70A2B7-AE8F-47D7-854A-D90FBC7604D1}
	EndGlobalSection
EndGlobal
